
Microsoft Visual Studio Solution File, Format Version 12.00
# Visual Studio Version 16
VisualStudioVersion = 16.0.29926.136
MinimumVisualStudioVersion = 10.0.40219.1
Project("{FAE04EC0-301F-11D3-BF4B-00C04F79EFBC}") = "BinarySearchTree", "BinarySearchTree\BinarySearchTree.csproj", "{C277D837-A9FF-44E2-BE56-C97A2CCE124A}"
EndProject
Project("{FAE04EC0-301F-11D3-BF4B-00C04F79EFBC}") = "UnitTestProject1", "UnitTestProject1\UnitTestProject1.csproj", "{FA7D5176-AA55-47CF-8658-868941D5B4E1}"
EndProject
Global
	GlobalSection(SolutionConfigurationPlatforms) = preSolution
		Debug|Any CPU = Debug|Any CPU
		Release|Any CPU = Release|Any CPU
	EndGlobalSection
	GlobalSection(ProjectConfigurationPlatforms) = postSolution
		{C277D837-A9FF-44E2-BE56-C97A2CCE124A}.Debug|Any CPU.ActiveCfg = Debug|Any CPU
		{C277D837-A9FF-44E2-BE56-C97A2CCE124A}.Debug|Any CPU.Build.0 = Debug|Any CPU
		{C277D837-A9FF-44E2-BE56-C97A2CCE124A}.Release|Any CPU.ActiveCfg = Release|Any CPU
		{C277D837-A9FF-44E2-BE56-C97A2CCE124A}.Release|Any CPU.Build.0 = Release|Any CPU
		{FA7D5176-AA55-47CF-8658-868941D5B4E1}.Debug|Any CPU.ActiveCfg = Debug|Any CPU
		{FA7D5176-AA55-47CF-8658-868941D5B4E1}.Debug|Any CPU.Build.0 = Debug|Any CPU
		{FA7D5176-AA55-47CF-8658-868941D5B4E1}.Release|Any CPU.ActiveCfg = Release|Any CPU
		{FA7D5176-AA55-47CF-8658-868941D5B4E1}.Release|Any CPU.Build.0 = Release|Any CPU
	EndGlobalSection
	GlobalSection(SolutionProperties) = preSolution
		HideSolutionNode = FALSE
	EndGlobalSection
	GlobalSection(ExtensibilityGlobals) = postSolution
		SolutionGuid = {951CB5A3-6493-45A1-94AD-DA4E7AD7F762}
	EndGlobalSection
EndGlobal
